
Microsoft Visual Studio Solution File, Format Version 12.00
# Visual Studio Version 17
VisualStudioVersion = 17.11.35303.130
MinimumVisualStudioVersion = 10.0.40219.1
Project("{2150E333-8FDC-42A3-9474-1A3956D46DE8}") = "Task0", "Task0", "{330F1527-389C-4E80-A6B1-372C2592898A}"
EndProject
Project("{9A19103F-16F7-4668-BE54-9A1E7A4F7556}") = "Tyuiu.KokoulinIV.Sprint1.Task0.V18", "Tyuiu.KokoulinIV.Sprint1.Task0.V18\Tyuiu.KokoulinIV.Sprint1.Task0.V18.csproj", "{94267416-5725-4319-8100-059B86022E28}"
EndProject
Project("{9A19103F-16F7-4668-BE54-9A1E7A4F7556}") = "Tyuiu.KokoulinIV.Sprint1.Task0.V18.Test", "Tyuiu.KokoulinIV.Sprint1.Task0.V18.Test\Tyuiu.KokoulinIV.Sprint1.Task0.V18.Test.csproj", "{60B51AC3-756B-41EC-A6A8-E0F6DF08C435}"
EndProject
Project("{9A19103F-16F7-4668-BE54-9A1E7A4F7556}") = "Tyuiu.KokoulinIV.Sprint1.Task0.V18.Lib", "Tyuiu.KokoulinIV.Sprint1.Task0.V18.Lib\Tyuiu.KokoulinIV.Sprint1.Task0.V18.Lib.csproj", "{258122C9-827E-49BC-AE59-BC5616C5BF9C}"
EndProject
Project("{2150E333-8FDC-42A3-9474-1A3956D46DE8}") = "Task1", "Task1", "{14058CCF-1D6B-4C8D-80C3-FD05206A80A1}"
EndProject
Project("{9A19103F-16F7-4668-BE54-9A1E7A4F7556}") = "Tyuiu.KokoulinIV.Sprint1.Task1.V8", "Tyuiu.KokoulinIV.Sprint1.Task1.V8\Tyuiu.KokoulinIV.Sprint1.Task1.V8.csproj", "{CBC7F728-93EE-4333-BEB2-24602788EF82}"
EndProject
Project("{9A19103F-16F7-4668-BE54-9A1E7A4F7556}") = "Tyuiu.KokoulinIV.Sprint1.Task1.V8.Lib", "Tyuiu.KokoulinIV.Sprint1.Task1.V8.Lib\Tyuiu.KokoulinIV.Sprint1.Task1.V8.Lib.csproj", "{E7A19A0F-38C7-4D61-8868-906EAA411F37}"
EndProject
Project("{9A19103F-16F7-4668-BE54-9A1E7A4F7556}") = "Tyuiu.KokoulinIV.Sprint1.Task1.V8.Test", "Tyuiu.KokoulinIV.Sprint1.Task1.V8.Test\Tyuiu.KokoulinIV.Sprint1.Task1.V8.Test.csproj", "{9E8AE977-21CE-4D27-B34D-C5F3192ADD66}"
EndProject
Project("{2150E333-8FDC-42A3-9474-1A3956D46DE8}") = "Task2", "Task2", "{0D9D3D04-9DAE-4DA4-8301-F8EDC877C0E3}"
EndProject
Project("{9A19103F-16F7-4668-BE54-9A1E7A4F7556}") = "Tyuiu.KokoulinIV.Sprint1.Task2.V17", "Tyuiu.KokoulinIV.Sprint1.Task2.V17\Tyuiu.KokoulinIV.Sprint1.Task2.V17.csproj", "{6D78395D-208B-419E-9536-C7CD7F1C6A20}"
EndProject
Project("{9A19103F-16F7-4668-BE54-9A1E7A4F7556}") = "Tyuiu.KokoulinIV.Sprint1.Task2.V17.Lib", "Tyuiu.KokoulinIV.Sprint1.Task2.V17.Lib\Tyuiu.KokoulinIV.Sprint1.Task2.V17.Lib.csproj", "{A1D736BB-1A01-4C51-BB2A-B04BF51FA5CF}"
EndProject
Project("{9A19103F-16F7-4668-BE54-9A1E7A4F7556}") = "Tyuiu.KokoulinIV.Sprint1.Task2.V17.Test", "Tyuiu.KokoulinIV.Sprint1.Task2.V17.Test\Tyuiu.KokoulinIV.Sprint1.Task2.V17.Test.csproj", "{1A6C71C2-6B47-4FD1-8105-5F66812F3709}"
EndProject
Project("{2150E333-8FDC-42A3-9474-1A3956D46DE8}") = "Task3", "Task3", "{40538B32-5511-421A-8D78-979C1E8DCD79}"
EndProject
Project("{FAE04EC0-301F-11D3-BF4B-00C04F79EFBC}") = "Tyuiu.KokoulinIV.Sprint1.Task3.V16", "Tyuiu.KokoulinIV.Sprint1.Task3.V16\Tyuiu.KokoulinIV.Sprint1.Task3.V16.csproj", "{CF22B5A7-A357-40FB-8932-91EF12211E40}"
EndProject
Project("{FAE04EC0-301F-11D3-BF4B-00C04F79EFBC}") = "Tyuiu.KokoulinIV.Sprint1.Task3.V16.Lib", "Tyuiu.KokoulinIV.Sprint1.Task3.V16.Lib\Tyuiu.KokoulinIV.Sprint1.Task3.V16.Lib.csproj", "{BA91C3F5-B15A-4D36-A430-F5CF43307BAB}"
EndProject
Project("{FAE04EC0-301F-11D3-BF4B-00C04F79EFBC}") = "Tyuiu.KokoulinIV.Sprint1.Task3.V16.Test", "Tyuiu.KokoulinIV.Sprint1.Task3.V16.Test\Tyuiu.KokoulinIV.Sprint1.Task3.V16.Test.csproj", "{0E3CABEB-55B4-4D78-A782-AD77830260B5}"
EndProject
Global
	GlobalSection(SolutionConfigurationPlatforms) = preSolution
		Debug|Any CPU = Debug|Any CPU
		Release|Any CPU = Release|Any CPU
	EndGlobalSection
	GlobalSection(ProjectConfigurationPlatforms) = postSolution
		{94267416-5725-4319-8100-059B86022E28}.Debug|Any CPU.ActiveCfg = Debug|Any CPU
		{94267416-5725-4319-8100-059B86022E28}.Debug|Any CPU.Build.0 = Debug|Any CPU
		{94267416-5725-4319-8100-059B86022E28}.Release|Any CPU.ActiveCfg = Release|Any CPU
		{94267416-5725-4319-8100-059B86022E28}.Release|Any CPU.Build.0 = Release|Any CPU
		{60B51AC3-756B-41EC-A6A8-E0F6DF08C435}.Debug|Any CPU.ActiveCfg = Debug|Any CPU
		{60B51AC3-756B-41EC-A6A8-E0F6DF08C435}.Debug|Any CPU.Build.0 = Debug|Any CPU
		{60B51AC3-756B-41EC-A6A8-E0F6DF08C435}.Release|Any CPU.ActiveCfg = Release|Any CPU
		{60B51AC3-756B-41EC-A6A8-E0F6DF08C435}.Release|Any CPU.Build.0 = Release|Any CPU
		{258122C9-827E-49BC-AE59-BC5616C5BF9C}.Debug|Any CPU.ActiveCfg = Debug|Any CPU
		{258122C9-827E-49BC-AE59-BC5616C5BF9C}.Debug|Any CPU.Build.0 = Debug|Any CPU
		{258122C9-827E-49BC-AE59-BC5616C5BF9C}.Release|Any CPU.ActiveCfg = Release|Any CPU
		{258122C9-827E-49BC-AE59-BC5616C5BF9C}.Release|Any CPU.Build.0 = Release|Any CPU
		{CBC7F728-93EE-4333-BEB2-24602788EF82}.Debug|Any CPU.ActiveCfg = Debug|Any CPU
		{CBC7F728-93EE-4333-BEB2-24602788EF82}.Debug|Any CPU.Build.0 = Debug|Any CPU
		{CBC7F728-93EE-4333-BEB2-24602788EF82}.Release|Any CPU.ActiveCfg = Release|Any CPU
		{CBC7F728-93EE-4333-BEB2-24602788EF82}.Release|Any CPU.Build.0 = Release|Any CPU
		{E7A19A0F-38C7-4D61-8868-906EAA411F37}.Debug|Any CPU.ActiveCfg = Debug|Any CPU
		{E7A19A0F-38C7-4D61-8868-906EAA411F37}.Debug|Any CPU.Build.0 = Debug|Any CPU
		{E7A19A0F-38C7-4D61-8868-906EAA411F37}.Release|Any CPU.ActiveCfg = Release|Any CPU
		{E7A19A0F-38C7-4D61-8868-906EAA411F37}.Release|Any CPU.Build.0 = Release|Any CPU
		{9E8AE977-21CE-4D27-B34D-C5F3192ADD66}.Debug|Any CPU.ActiveCfg = Debug|Any CPU
		{9E8AE977-21CE-4D27-B34D-C5F3192ADD66}.Debug|Any CPU.Build.0 = Debug|Any CPU
		{9E8AE977-21CE-4D27-B34D-C5F3192ADD66}.Release|Any CPU.ActiveCfg = Release|Any CPU
		{9E8AE977-21CE-4D27-B34D-C5F3192ADD66}.Release|Any CPU.Build.0 = Release|Any CPU
		{6D78395D-208B-419E-9536-C7CD7F1C6A20}.Debug|Any CPU.ActiveCfg = Debug|Any CPU
		{6D78395D-208B-419E-9536-C7CD7F1C6A20}.Debug|Any CPU.Build.0 = Debug|Any CPU
		{6D78395D-208B-419E-9536-C7CD7F1C6A20}.Release|Any CPU.ActiveCfg = Release|Any CPU
		{6D78395D-208B-419E-9536-C7CD7F1C6A20}.Release|Any CPU.Build.0 = Release|Any CPU
		{A1D736BB-1A01-4C51-BB2A-B04BF51FA5CF}.Debug|Any CPU.ActiveCfg = Debug|Any CPU
		{A1D736BB-1A01-4C51-BB2A-B04BF51FA5CF}.Debug|Any CPU.Build.0 = Debug|Any CPU
		{A1D736BB-1A01-4C51-BB2A-B04BF51FA5CF}.Release|Any CPU.ActiveCfg = Release|Any CPU
		{A1D736BB-1A01-4C51-BB2A-B04BF51FA5CF}.Release|Any CPU.Build.0 = Release|Any CPU
		{1A6C71C2-6B47-4FD1-8105-5F66812F3709}.Debug|Any CPU.ActiveCfg = Debug|Any CPU
		{1A6C71C2-6B47-4FD1-8105-5F66812F3709}.Debug|Any CPU.Build.0 = Debug|Any CPU
		{1A6C71C2-6B47-4FD1-8105-5F66812F3709}.Release|Any CPU.ActiveCfg = Release|Any CPU
		{1A6C71C2-6B47-4FD1-8105-5F66812F3709}.Release|Any CPU.Build.0 = Release|Any CPU
		{CF22B5A7-A357-40FB-8932-91EF12211E40}.Debug|Any CPU.ActiveCfg = Debug|Any CPU
		{CF22B5A7-A357-40FB-8932-91EF12211E40}.Debug|Any CPU.Build.0 = Debug|Any CPU
		{CF22B5A7-A357-40FB-8932-91EF12211E40}.Release|Any CPU.ActiveCfg = Release|Any CPU
		{CF22B5A7-A357-40FB-8932-91EF12211E40}.Release|Any CPU.Build.0 = Release|Any CPU
		{BA91C3F5-B15A-4D36-A430-F5CF43307BAB}.Debug|Any CPU.ActiveCfg = Debug|Any CPU
		{BA91C3F5-B15A-4D36-A430-F5CF43307BAB}.Debug|Any CPU.Build.0 = Debug|Any CPU
		{BA91C3F5-B15A-4D36-A430-F5CF43307BAB}.Release|Any CPU.ActiveCfg = Release|Any CPU
		{BA91C3F5-B15A-4D36-A430-F5CF43307BAB}.Release|Any CPU.Build.0 = Release|Any CPU
		{0E3CABEB-55B4-4D78-A782-AD77830260B5}.Debug|Any CPU.ActiveCfg = Debug|Any CPU
		{0E3CABEB-55B4-4D78-A782-AD77830260B5}.Debug|Any CPU.Build.0 = Debug|Any CPU
		{0E3CABEB-55B4-4D78-A782-AD77830260B5}.Release|Any CPU.ActiveCfg = Release|Any CPU
		{0E3CABEB-55B4-4D78-A782-AD77830260B5}.Release|Any CPU.Build.0 = Release|Any CPU
	EndGlobalSection
	GlobalSection(SolutionProperties) = preSolution
		HideSolutionNode = FALSE
	EndGlobalSection
	GlobalSection(NestedProjects) = preSolution
		{94267416-5725-4319-8100-059B86022E28} = {330F1527-389C-4E80-A6B1-372C2592898A}
		{60B51AC3-756B-41EC-A6A8-E0F6DF08C435} = {330F1527-389C-4E80-A6B1-372C2592898A}
		{258122C9-827E-49BC-AE59-BC5616C5BF9C} = {330F1527-389C-4E80-A6B1-372C2592898A}
		{CBC7F728-93EE-4333-BEB2-24602788EF82} = {14058CCF-1D6B-4C8D-80C3-FD05206A80A1}
		{E7A19A0F-38C7-4D61-8868-906EAA411F37} = {14058CCF-1D6B-4C8D-80C3-FD05206A80A1}
		{9E8AE977-21CE-4D27-B34D-C5F3192ADD66} = {14058CCF-1D6B-4C8D-80C3-FD05206A80A1}
		{6D78395D-208B-419E-9536-C7CD7F1C6A20} = {0D9D3D04-9DAE-4DA4-8301-F8EDC877C0E3}
		{A1D736BB-1A01-4C51-BB2A-B04BF51FA5CF} = {0D9D3D04-9DAE-4DA4-8301-F8EDC877C0E3}
		{1A6C71C2-6B47-4FD1-8105-5F66812F3709} = {0D9D3D04-9DAE-4DA4-8301-F8EDC877C0E3}
		{CF22B5A7-A357-40FB-8932-91EF12211E40} = {40538B32-5511-421A-8D78-979C1E8DCD79}
		{BA91C3F5-B15A-4D36-A430-F5CF43307BAB} = {40538B32-5511-421A-8D78-979C1E8DCD79}
		{0E3CABEB-55B4-4D78-A782-AD77830260B5} = {40538B32-5511-421A-8D78-979C1E8DCD79}
	EndGlobalSection
	GlobalSection(ExtensibilityGlobals) = postSolution
		SolutionGuid = {934F1683-0BF8-4DE1-824E-A99A7AFD676A}
	EndGlobalSection
EndGlobal
